
Microsoft Visual Studio Solution File, Format Version 12.00
# Visual Studio 15
Project("{FAE04EC0-301F-11D3-BF4B-00C04F79EFBC}") = "Assembly-CSharp", "Assembly-CSharp.csproj", "{2BBE6F9B-D3C9-B9EB-15F6-34A22C9B149D}"
EndProject
Project("{FAE04EC0-301F-11D3-BF4B-00C04F79EFBC}") = "Assembly-CSharp-Editor", "Assembly-CSharp-Editor.csproj", "{FE3C5F19-B5B8-0D9C-5343-16A3F50774F1}"
EndProject
Global
	GlobalSection(SolutionConfigurationPlatforms) = preSolution
		Debug|Any CPU = Debug|Any CPU
		Release|Any CPU = Release|Any CPU
	EndGlobalSection
	GlobalSection(ProjectConfigurationPlatforms) = postSolution
		{2BBE6F9B-D3C9-B9EB-15F6-34A22C9B149D}.Debug|Any CPU.ActiveCfg = Debug|Any CPU
		{2BBE6F9B-D3C9-B9EB-15F6-34A22C9B149D}.Debug|Any CPU.Build.0 = Debug|Any CPU
		{2BBE6F9B-D3C9-B9EB-15F6-34A22C9B149D}.Release|Any CPU.ActiveCfg = Release|Any CPU
		{2BBE6F9B-D3C9-B9EB-15F6-34A22C9B149D}.Release|Any CPU.Build.0 = Release|Any CPU
		{FE3C5F19-B5B8-0D9C-5343-16A3F50774F1}.Debug|Any CPU.ActiveCfg = Debug|Any CPU
		{FE3C5F19-B5B8-0D9C-5343-16A3F50774F1}.Debug|Any CPU.Build.0 = Debug|Any CPU
		{FE3C5F19-B5B8-0D9C-5343-16A3F50774F1}.Release|Any CPU.ActiveCfg = Release|Any CPU
		{FE3C5F19-B5B8-0D9C-5343-16A3F50774F1}.Release|Any CPU.Build.0 = Release|Any CPU
	EndGlobalSection
	GlobalSection(SolutionProperties) = preSolution
		HideSolutionNode = FALSE
	EndGlobalSection
EndGlobal
