
Microsoft Visual Studio Solution File, Format Version 12.00
# Visual Studio 15
Project("{FAE04EC0-301F-11D3-BF4B-00C04F79EFBC}") = "Assembly-CSharp", "Assembly-CSharp.csproj", "{DB2060FE-7FFE-CD48-FE07-EA2961BD0BED}"
EndProject
Project("{FAE04EC0-301F-11D3-BF4B-00C04F79EFBC}") = "Assembly-CSharp-Editor", "Assembly-CSharp-Editor.csproj", "{486DB42B-23D5-8878-307F-2CD21B8C9C37}"
EndProject
Global
	GlobalSection(SolutionConfigurationPlatforms) = preSolution
		Debug|Any CPU = Debug|Any CPU
		Release|Any CPU = Release|Any CPU
	EndGlobalSection
	GlobalSection(ProjectConfigurationPlatforms) = postSolution
		{DB2060FE-7FFE-CD48-FE07-EA2961BD0BED}.Debug|Any CPU.ActiveCfg = Debug|Any CPU
		{DB2060FE-7FFE-CD48-FE07-EA2961BD0BED}.Debug|Any CPU.Build.0 = Debug|Any CPU
		{DB2060FE-7FFE-CD48-FE07-EA2961BD0BED}.Release|Any CPU.ActiveCfg = Release|Any CPU
		{DB2060FE-7FFE-CD48-FE07-EA2961BD0BED}.Release|Any CPU.Build.0 = Release|Any CPU
		{486DB42B-23D5-8878-307F-2CD21B8C9C37}.Debug|Any CPU.ActiveCfg = Debug|Any CPU
		{486DB42B-23D5-8878-307F-2CD21B8C9C37}.Debug|Any CPU.Build.0 = Debug|Any CPU
		{486DB42B-23D5-8878-307F-2CD21B8C9C37}.Release|Any CPU.ActiveCfg = Release|Any CPU
		{486DB42B-23D5-8878-307F-2CD21B8C9C37}.Release|Any CPU.Build.0 = Release|Any CPU
	EndGlobalSection
	GlobalSection(SolutionProperties) = preSolution
		HideSolutionNode = FALSE
	EndGlobalSection
EndGlobal
